
Microsoft Visual Studio Solution File, Format Version 12.00
# Visual Studio 14
VisualStudioVersion = 14.0.25420.1
MinimumVisualStudioVersion = 10.0.40219.1
Project("{FAE04EC0-301F-11D3-BF4B-00C04F79EFBC}") = "HackerGamesHub", "HackerGamesHub\HackerGamesHub.csproj", "{115AAC0B-0076-4656-A1F9-40EE39342BFE}"
EndProject
Project("{FAE04EC0-301F-11D3-BF4B-00C04F79EFBC}") = "HackerGamesHub.Console", "HackerGamesHub.Console\HackerGamesHub.Console.csproj", "{9CAFB607-7959-4066-B852-ECF375F94E58}"
EndProject
Project("{FAE04EC0-301F-11D3-BF4B-00C04F79EFBC}") = "HackerGamesHub.Azure.Api", "HackerGamesHub.Azure.Api\HackerGamesHub.Azure.Api.csproj", "{99137495-ADA8-409B-AEE9-CB8EFADC4FF5}"
EndProject
Global
	GlobalSection(SolutionConfigurationPlatforms) = preSolution
		Debug|Any CPU = Debug|Any CPU
		Release|Any CPU = Release|Any CPU
	EndGlobalSection
	GlobalSection(ProjectConfigurationPlatforms) = postSolution
		{115AAC0B-0076-4656-A1F9-40EE39342BFE}.Debug|Any CPU.ActiveCfg = Debug|Any CPU
		{115AAC0B-0076-4656-A1F9-40EE39342BFE}.Debug|Any CPU.Build.0 = Debug|Any CPU
		{115AAC0B-0076-4656-A1F9-40EE39342BFE}.Release|Any CPU.ActiveCfg = Release|Any CPU
		{115AAC0B-0076-4656-A1F9-40EE39342BFE}.Release|Any CPU.Build.0 = Release|Any CPU
		{9CAFB607-7959-4066-B852-ECF375F94E58}.Debug|Any CPU.ActiveCfg = Debug|Any CPU
		{9CAFB607-7959-4066-B852-ECF375F94E58}.Debug|Any CPU.Build.0 = Debug|Any CPU
		{9CAFB607-7959-4066-B852-ECF375F94E58}.Release|Any CPU.ActiveCfg = Release|Any CPU
		{9CAFB607-7959-4066-B852-ECF375F94E58}.Release|Any CPU.Build.0 = Release|Any CPU
		{99137495-ADA8-409B-AEE9-CB8EFADC4FF5}.Debug|Any CPU.ActiveCfg = Debug|Any CPU
		{99137495-ADA8-409B-AEE9-CB8EFADC4FF5}.Debug|Any CPU.Build.0 = Debug|Any CPU
		{99137495-ADA8-409B-AEE9-CB8EFADC4FF5}.Release|Any CPU.ActiveCfg = Release|Any CPU
		{99137495-ADA8-409B-AEE9-CB8EFADC4FF5}.Release|Any CPU.Build.0 = Release|Any CPU
	EndGlobalSection
	GlobalSection(SolutionProperties) = preSolution
		HideSolutionNode = FALSE
	EndGlobalSection
EndGlobal
